
Microsoft Visual Studio Solution File, Format Version 12.00
# Visual Studio Version 16
VisualStudioVersion = 16.0.31402.337
MinimumVisualStudioVersion = 10.0.40219.1
Project("{FAE04EC0-301F-11D3-BF4B-00C04F79EFBC}") = "GiaiDeOOP2020", "GiaiDeOOP2020\GiaiDeOOP2020.csproj", "{A297CFBB-A93F-46A0-A961-83151B6C1678}"
EndProject
Global
	GlobalSection(SolutionConfigurationPlatforms) = preSolution
		Debug|Any CPU = Debug|Any CPU
		Release|Any CPU = Release|Any CPU
	EndGlobalSection
	GlobalSection(ProjectConfigurationPlatforms) = postSolution
		{A297CFBB-A93F-46A0-A961-83151B6C1678}.Debug|Any CPU.ActiveCfg = Debug|Any CPU
		{A297CFBB-A93F-46A0-A961-83151B6C1678}.Debug|Any CPU.Build.0 = Debug|Any CPU
		{A297CFBB-A93F-46A0-A961-83151B6C1678}.Release|Any CPU.ActiveCfg = Release|Any CPU
		{A297CFBB-A93F-46A0-A961-83151B6C1678}.Release|Any CPU.Build.0 = Release|Any CPU
	EndGlobalSection
	GlobalSection(SolutionProperties) = preSolution
		HideSolutionNode = FALSE
	EndGlobalSection
	GlobalSection(ExtensibilityGlobals) = postSolution
		SolutionGuid = {4A0BEA12-2076-4454-87C9-E33F11110D4F}
	EndGlobalSection
EndGlobal
